// !$*UTF8*$!
{
	archiveVersion = 1;
	classes = {
	};
	objectVersion = 48;
	objects = {

/* Begin PBXBuildFile section */
		F6B68455205F43930058595B /* AppDelegate.swift in Sources */ = {isa = PBXBuildFile; fileRef = F6B68454205F43930058595B /* AppDelegate.swift */; };
		F6B68457205F43930058595B /* ViewController.swift in Sources */ = {isa = PBXBuildFile; fileRef = F6B68456205F43930058595B /* ViewController.swift */; };
		F6B6845A205F43930058595B /* Main.storyboard in Resources */ = {isa = PBXBuildFile; fileRef = F6B68458205F43930058595B /* Main.storyboard */; };
		F6B6845C205F43930058595B /* Assets.xcassets in Resources */ = {isa = PBXBuildFile; fileRef = F6B6845B205F43930058595B /* Assets.xcassets */; };
		F6B6845F205F43930058595B /* LaunchScreen.storyboard in Resources */ = {isa = PBXBuildFile; fileRef = F6B6845D205F43930058595B /* LaunchScreen.storyboard */; };
		F6B6846A205F43930058595B /* clock_slider_viewTests.swift in Sources */ = {isa = PBXBuildFile; fileRef = F6B68469205F43930058595B /* clock_slider_viewTests.swift */; };
		F6B68476205F45C20058595B /* TimeOfDay.swift in Sources */ = {isa = PBXBuildFile; fileRef = F6B68475205F45C20058595B /* TimeOfDay.swift */; };
		F6B68478205F45F00058595B /* DayOrNight.swift in Sources */ = {isa = PBXBuildFile; fileRef = F6B68477205F45F00058595B /* DayOrNight.swift */; };
		F6B6847A205F46250058595B /* ClockQuadrant.swift in Sources */ = {isa = PBXBuildFile; fileRef = F6B68479205F46250058595B /* ClockQuadrant.swift */; };
		F6B6847C205F464D0058595B /* ClockRotationCount.swift in Sources */ = {isa = PBXBuildFile; fileRef = F6B6847B205F464D0058595B /* ClockRotationCount.swift */; };
		F6B6847E205F466E0058595B /* BaseClockModel.swift in Sources */ = {isa = PBXBuildFile; fileRef = F6B6847D205F466E0058595B /* BaseClockModel.swift */; };
		F6B68480205F468E0058595B /* DoubleHand24HourClockModel.swift in Sources */ = {isa = PBXBuildFile; fileRef = F6B6847F205F468E0058595B /* DoubleHand24HourClockModel.swift */; };
		F6B68482205F46B20058595B /* DoubleHand12HourClockModel.swift in Sources */ = {isa = PBXBuildFile; fileRef = F6B68481205F46B20058595B /* DoubleHand12HourClockModel.swift */; };
		F6B68484205F46C80058595B /* SingleHand24HourClockModel.swift in Sources */ = {isa = PBXBuildFile; fileRef = F6B68483205F46C80058595B /* SingleHand24HourClockModel.swift */; };
		F6B68486205F46E70058595B /* SingleHand12HourClockModel.swift in Sources */ = {isa = PBXBuildFile; fileRef = F6B68485205F46E70058595B /* SingleHand12HourClockModel.swift */; };
		F6B68489205F472E0058595B /* ClockSliderView.swift in Sources */ = {isa = PBXBuildFile; fileRef = F6B68488205F472E0058595B /* ClockSliderView.swift */; };
		F6B6848B205F474C0058595B /* ThumbnailView.swift in Sources */ = {isa = PBXBuildFile; fileRef = F6B6848A205F474C0058595B /* ThumbnailView.swift */; };
		F6B6848D205F47660058595B /* TimeRangeSlider.swift in Sources */ = {isa = PBXBuildFile; fileRef = F6B6848C205F47660058595B /* TimeRangeSlider.swift */; };
		F6B68490205F47920058595B /* CGPoint+closestInterceptPointToCircle.swift in Sources */ = {isa = PBXBuildFile; fileRef = F6B6848F205F47920058595B /* CGPoint+closestInterceptPointToCircle.swift */; };
		F6B68492205F47AC0058595B /* CGPoint+distanceToPoint.swift in Sources */ = {isa = PBXBuildFile; fileRef = F6B68491205F47AC0058595B /* CGPoint+distanceToPoint.swift */; };
		F6B68494205F47C50058595B /* NSString+drawWithBasePoint.swift in Sources */ = {isa = PBXBuildFile; fileRef = F6B68493205F47C50058595B /* NSString+drawWithBasePoint.swift */; };
		F6B68496205F47E30058595B /* TouchableLayer.swift in Sources */ = {isa = PBXBuildFile; fileRef = F6B68495205F47E30058595B /* TouchableLayer.swift */; };
		F6B68498205F47FD0058595B /* ClockFaceView.swift in Sources */ = {isa = PBXBuildFile; fileRef = F6B68497205F47FD0058595B /* ClockFaceView.swift */; };
/* End PBXBuildFile section */

/* Begin PBXContainerItemProxy section */
		F6B68466205F43930058595B /* PBXContainerItemProxy */ = {
			isa = PBXContainerItemProxy;
			containerPortal = F6B68449205F43930058595B /* Project object */;
			proxyType = 1;
			remoteGlobalIDString = F6B68450205F43930058595B;
			remoteInfo = clock_slider_view;
		};
/* End PBXContainerItemProxy section */

/* Begin PBXFileReference section */
		F6B68451205F43930058595B /* clock_slider_view.app */ = {isa = PBXFileReference; explicitFileType = wrapper.application; includeInIndex = 0; path = clock_slider_view.app; sourceTree = BUILT_PRODUCTS_DIR; };
		F6B68454205F43930058595B /* AppDelegate.swift */ = {isa = PBXFileReference; lastKnownFileType = sourcecode.swift; path = AppDelegate.swift; sourceTree = "<group>"; };
		F6B68456205F43930058595B /* ViewController.swift */ = {isa = PBXFileReference; lastKnownFileType = sourcecode.swift; path = ViewController.swift; sourceTree = "<group>"; };
		F6B68459205F43930058595B /* Base */ = {isa = PBXFileReference; lastKnownFileType = file.storyboard; name = Base; path = Base.lproj/Main.storyboard; sourceTree = "<group>"; };
		F6B6845B205F43930058595B /* Assets.xcassets */ = {isa = PBXFileReference; lastKnownFileType = folder.assetcatalog; path = Assets.xcassets; sourceTree = "<group>"; };
		F6B6845E205F43930058595B /* Base */ = {isa = PBXFileReference; lastKnownFileType = file.storyboard; name = Base; path = Base.lproj/LaunchScreen.storyboard; sourceTree = "<group>"; };
		F6B68460205F43930058595B /* Info.plist */ = {isa = PBXFileReference; lastKnownFileType = text.plist.xml; path = Info.plist; sourceTree = "<group>"; };
		F6B68465205F43930058595B /* clock_slider_viewTests.xctest */ = {isa = PBXFileReference; explicitFileType = wrapper.cfbundle; includeInIndex = 0; path = clock_slider_viewTests.xctest; sourceTree = BUILT_PRODUCTS_DIR; };
		F6B68469205F43930058595B /* clock_slider_viewTests.swift */ = {isa = PBXFileReference; lastKnownFileType = sourcecode.swift; path = clock_slider_viewTests.swift; sourceTree = "<group>"; };
		F6B6846B205F43930058595B /* Info.plist */ = {isa = PBXFileReference; lastKnownFileType = text.plist.xml; path = Info.plist; sourceTree = "<group>"; };
		F6B68475205F45C20058595B /* TimeOfDay.swift */ = {isa = PBXFileReference; lastKnownFileType = sourcecode.swift; path = TimeOfDay.swift; sourceTree = "<group>"; };
		F6B68477205F45F00058595B /* DayOrNight.swift */ = {isa = PBXFileReference; lastKnownFileType = sourcecode.swift; path = DayOrNight.swift; sourceTree = "<group>"; };
		F6B68479205F46250058595B /* ClockQuadrant.swift */ = {isa = PBXFileReference; lastKnownFileType = sourcecode.swift; path = ClockQuadrant.swift; sourceTree = "<group>"; };
		F6B6847B205F464D0058595B /* ClockRotationCount.swift */ = {isa = PBXFileReference; lastKnownFileType = sourcecode.swift; path = ClockRotationCount.swift; sourceTree = "<group>"; };
		F6B6847D205F466E0058595B /* BaseClockModel.swift */ = {isa = PBXFileReference; lastKnownFileType = sourcecode.swift; path = BaseClockModel.swift; sourceTree = "<group>"; };
		F6B6847F205F468E0058595B /* DoubleHand24HourClockModel.swift */ = {isa = PBXFileReference; lastKnownFileType = sourcecode.swift; path = DoubleHand24HourClockModel.swift; sourceTree = "<group>"; };
		F6B68481205F46B20058595B /* DoubleHand12HourClockModel.swift */ = {isa = PBXFileReference; lastKnownFileType = sourcecode.swift; path = DoubleHand12HourClockModel.swift; sourceTree = "<group>"; };
		F6B68483205F46C80058595B /* SingleHand24HourClockModel.swift */ = {isa = PBXFileReference; lastKnownFileType = sourcecode.swift; path = SingleHand24HourClockModel.swift; sourceTree = "<group>"; };
		F6B68485205F46E70058595B /* SingleHand12HourClockModel.swift */ = {isa = PBXFileReference; lastKnownFileType = sourcecode.swift; path = SingleHand12HourClockModel.swift; sourceTree = "<group>"; };
		F6B68488205F472E0058595B /* ClockSliderView.swift */ = {isa = PBXFileReference; lastKnownFileType = sourcecode.swift; path = ClockSliderView.swift; sourceTree = "<group>"; };
		F6B6848A205F474C0058595B /* ThumbnailView.swift */ = {isa = PBXFileReference; lastKnownFileType = sourcecode.swift; path = ThumbnailView.swift; sourceTree = "<group>"; };
		F6B6848C205F47660058595B /* TimeRangeSlider.swift */ = {isa = PBXFileReference; lastKnownFileType = sourcecode.swift; path = TimeRangeSlider.swift; sourceTree = "<group>"; };
		F6B6848F205F47920058595B /* CGPoint+closestInterceptPointToCircle.swift */ = {isa = PBXFileReference; lastKnownFileType = sourcecode.swift; path = "CGPoint+closestInterceptPointToCircle.swift"; sourceTree = "<group>"; };
		F6B68491205F47AC0058595B /* CGPoint+distanceToPoint.swift */ = {isa = PBXFileReference; lastKnownFileType = sourcecode.swift; path = "CGPoint+distanceToPoint.swift"; sourceTree = "<group>"; };
		F6B68493205F47C50058595B /* NSString+drawWithBasePoint.swift */ = {isa = PBXFileReference; lastKnownFileType = sourcecode.swift; path = "NSString+drawWithBasePoint.swift"; sourceTree = "<group>"; };
		F6B68495205F47E30058595B /* TouchableLayer.swift */ = {isa = PBXFileReference; lastKnownFileType = sourcecode.swift; path = TouchableLayer.swift; sourceTree = "<group>"; };
		F6B68497205F47FD0058595B /* ClockFaceView.swift */ = {isa = PBXFileReference; lastKnownFileType = sourcecode.swift; path = ClockFaceView.swift; sourceTree = "<group>"; };
/* End PBXFileReference section */

/* Begin PBXFrameworksBuildPhase section */
		F6B6844E205F43930058595B /* Frameworks */ = {
			isa = PBXFrameworksBuildPhase;
			buildActionMask = 2147483647;
			files = (
			);
			runOnlyForDeploymentPostprocessing = 0;
		};
		F6B68462205F43930058595B /* Frameworks */ = {
			isa = PBXFrameworksBuildPhase;
			buildActionMask = 2147483647;
			files = (
			);
			runOnlyForDeploymentPostprocessing = 0;
		};
/* End PBXFrameworksBuildPhase section */

/* Begin PBXGroup section */
		F6B68448205F43930058595B = {
			isa = PBXGroup;
			children = (
				F6B68453205F43930058595B /* clock_slider_view */,
				F6B68468205F43930058595B /* clock_slider_viewTests */,
				F6B68452205F43930058595B /* Products */,
			);
			sourceTree = "<group>";
		};
		F6B68452205F43930058595B /* Products */ = {
			isa = PBXGroup;
			children = (
				F6B68451205F43930058595B /* clock_slider_view.app */,
				F6B68465205F43930058595B /* clock_slider_viewTests.xctest */,
			);
			name = Products;
			sourceTree = "<group>";
		};
		F6B68453205F43930058595B /* clock_slider_view */ = {
			isa = PBXGroup;
			children = (
				F6B6848E205F477C0058595B /* extensions */,
				F6B68487205F47070058595B /* view */,
				F6B684AF205F4BFA0058595B /* control */,
				F6B68474205F45A70058595B /* model */,
				F6B68454205F43930058595B /* AppDelegate.swift */,
				F6B68456205F43930058595B /* ViewController.swift */,
				F6B68458205F43930058595B /* Main.storyboard */,
				F6B6845B205F43930058595B /* Assets.xcassets */,
				F6B6845D205F43930058595B /* LaunchScreen.storyboard */,
				F6B68460205F43930058595B /* Info.plist */,
			);
			path = clock_slider_view;
			sourceTree = "<group>";
		};
		F6B68468205F43930058595B /* clock_slider_viewTests */ = {
			isa = PBXGroup;
			children = (
				F6B68469205F43930058595B /* clock_slider_viewTests.swift */,
				F6B6846B205F43930058595B /* Info.plist */,
			);
			path = clock_slider_viewTests;
			sourceTree = "<group>";
		};
		F6B68474205F45A70058595B /* model */ = {
			isa = PBXGroup;
			children = (
				F6B6847D205F466E0058595B /* BaseClockModel.swift */,
				F6B68479205F46250058595B /* ClockQuadrant.swift */,
				F6B6847B205F464D0058595B /* ClockRotationCount.swift */,
				F6B68477205F45F00058595B /* DayOrNight.swift */,
				F6B68481205F46B20058595B /* DoubleHand12HourClockModel.swift */,
				F6B6847F205F468E0058595B /* DoubleHand24HourClockModel.swift */,
				F6B68485205F46E70058595B /* SingleHand12HourClockModel.swift */,
				F6B68483205F46C80058595B /* SingleHand24HourClockModel.swift */,
				F6B68475205F45C20058595B /* TimeOfDay.swift */,
			);
			path = model;
			sourceTree = "<group>";
		};
		F6B68487205F47070058595B /* view */ = {
			isa = PBXGroup;
			children = (
				F6B68497205F47FD0058595B /* ClockFaceView.swift */,
				F6B68488205F472E0058595B /* ClockSliderView.swift */,
				F6B6848A205F474C0058595B /* ThumbnailView.swift */,
				F6B68495205F47E30058595B /* TouchableLayer.swift */,
			);
			path = view;
			sourceTree = "<group>";
		};
		F6B6848E205F477C0058595B /* extensions */ = {
			isa = PBXGroup;
			children = (
				F6B6848F205F47920058595B /* CGPoint+closestInterceptPointToCircle.swift */,
				F6B68491205F47AC0058595B /* CGPoint+distanceToPoint.swift */,
				F6B68493205F47C50058595B /* NSString+drawWithBasePoint.swift */,
			);
			path = extensions;
			sourceTree = "<group>";
		};
		F6B684AF205F4BFA0058595B /* control */ = {
			isa = PBXGroup;
			children = (
				F6B6848C205F47660058595B /* TimeRangeSlider.swift */,
			);
			path = control;
			sourceTree = "<group>";
		};
/* End PBXGroup section */

/* Begin PBXNativeTarget section */
		F6B68450205F43930058595B /* clock_slider_view */ = {
			isa = PBXNativeTarget;
			buildConfigurationList = F6B6846E205F43930058595B /* Build configuration list for PBXNativeTarget "clock_slider_view" */;
			buildPhases = (
				F6B6844D205F43930058595B /* Sources */,
				F6B6844E205F43930058595B /* Frameworks */,
				F6B6844F205F43930058595B /* Resources */,
			);
			buildRules = (
			);
			dependencies = (
			);
			name = clock_slider_view;
			productName = clock_slider_view;
			productReference = F6B68451205F43930058595B /* clock_slider_view.app */;
			productType = "com.apple.product-type.application";
		};
		F6B68464205F43930058595B /* clock_slider_viewTests */ = {
			isa = PBXNativeTarget;
			buildConfigurationList = F6B68471205F43930058595B /* Build configuration list for PBXNativeTarget "clock_slider_viewTests" */;
			buildPhases = (
				F6B68461205F43930058595B /* Sources */,
				F6B68462205F43930058595B /* Frameworks */,
				F6B68463205F43930058595B /* Resources */,
			);
			buildRules = (
			);
			dependencies = (
				F6B68467205F43930058595B /* PBXTargetDependency */,
			);
			name = clock_slider_viewTests;
			productName = clock_slider_viewTests;
			productReference = F6B68465205F43930058595B /* clock_slider_viewTests.xctest */;
			productType = "com.apple.product-type.bundle.unit-test";
		};
/* End PBXNativeTarget section */

/* Begin PBXProject section */
		F6B68449205F43930058595B /* Project object */ = {
			isa = PBXProject;
			attributes = {
				LastSwiftUpdateCheck = 0920;
				LastUpgradeCheck = 1150;
				ORGANIZATIONNAME = "Cross Swim Training, Inc";
				TargetAttributes = {
					F6B68450205F43930058595B = {
						CreatedOnToolsVersion = 9.2;
						LastSwiftMigration = 1150;
						ProvisioningStyle = Automatic;
					};
					F6B68464205F43930058595B = {
						CreatedOnToolsVersion = 9.2;
						LastSwiftMigration = 1150;
						ProvisioningStyle = Automatic;
						TestTargetID = F6B68450205F43930058595B;
					};
				};
			};
			buildConfigurationList = F6B6844C205F43930058595B /* Build configuration list for PBXProject "clock_slider_view" */;
			compatibilityVersion = "Xcode 8.0";
			developmentRegion = en;
			hasScannedForEncodings = 0;
			knownRegions = (
				en,
				Base,
			);
			mainGroup = F6B68448205F43930058595B;
			productRefGroup = F6B68452205F43930058595B /* Products */;
			projectDirPath = "";
			projectRoot = "";
			targets = (
				F6B68450205F43930058595B /* clock_slider_view */,
				F6B68464205F43930058595B /* clock_slider_viewTests */,
			);
		};
/* End PBXProject section */

/* Begin PBXResourcesBuildPhase section */
		F6B6844F205F43930058595B /* Resources */ = {
			isa = PBXResourcesBuildPhase;
			buildActionMask = 2147483647;
			files = (
				F6B6845F205F43930058595B /* LaunchScreen.storyboard in Resources */,
				F6B6845C205F43930058595B /* Assets.xcassets in Resources */,
				F6B6845A205F43930058595B /* Main.storyboard in Resources */,
			);
			runOnlyForDeploymentPostprocessing = 0;
		};
		F6B68463205F43930058595B /* Resources */ = {
			isa = PBXResourcesBuildPhase;
			buildActionMask = 2147483647;
			files = (
			);
			runOnlyForDeploymentPostprocessing = 0;
		};
/* End PBXResourcesBuildPhase section */

/* Begin PBXSourcesBuildPhase section */
		F6B6844D205F43930058595B /* Sources */ = {
			isa = PBXSourcesBuildPhase;
			buildActionMask = 2147483647;
			files = (
				F6B68478205F45F00058595B /* DayOrNight.swift in Sources */,
				F6B68476205F45C20058595B /* TimeOfDay.swift in Sources */,
				F6B68486205F46E70058595B /* SingleHand12HourClockModel.swift in Sources */,
				F6B68496205F47E30058595B /* TouchableLayer.swift in Sources */,
				F6B68484205F46C80058595B /* SingleHand24HourClockModel.swift in Sources */,
				F6B68482205F46B20058595B /* DoubleHand12HourClockModel.swift in Sources */,
				F6B6848B205F474C0058595B /* ThumbnailView.swift in Sources */,
				F6B6847C205F464D0058595B /* ClockRotationCount.swift in Sources */,
				F6B68489205F472E0058595B /* ClockSliderView.swift in Sources */,
				F6B68490205F47920058595B /* CGPoint+closestInterceptPointToCircle.swift in Sources */,
				F6B6847E205F466E0058595B /* BaseClockModel.swift in Sources */,
				F6B68480205F468E0058595B /* DoubleHand24HourClockModel.swift in Sources */,
				F6B68457205F43930058595B /* ViewController.swift in Sources */,
				F6B68494205F47C50058595B /* NSString+drawWithBasePoint.swift in Sources */,
				F6B6847A205F46250058595B /* ClockQuadrant.swift in Sources */,
				F6B68455205F43930058595B /* AppDelegate.swift in Sources */,
				F6B6848D205F47660058595B /* TimeRangeSlider.swift in Sources */,
				F6B68498205F47FD0058595B /* ClockFaceView.swift in Sources */,
				F6B68492205F47AC0058595B /* CGPoint+distanceToPoint.swift in Sources */,
			);
			runOnlyForDeploymentPostprocessing = 0;
		};
		F6B68461205F43930058595B /* Sources */ = {
			isa = PBXSourcesBuildPhase;
			buildActionMask = 2147483647;
			files = (
				F6B6846A205F43930058595B /* clock_slider_viewTests.swift in Sources */,
			);
			runOnlyForDeploymentPostprocessing = 0;
		};
/* End PBXSourcesBuildPhase section */

/* Begin PBXTargetDependency section */
		F6B68467205F43930058595B /* PBXTargetDependency */ = {
			isa = PBXTargetDependency;
			target = F6B68450205F43930058595B /* clock_slider_view */;
			targetProxy = F6B68466205F43930058595B /* PBXContainerItemProxy */;
		};
/* End PBXTargetDependency section */

/* Begin PBXVariantGroup section */
		F6B68458205F43930058595B /* Main.storyboard */ = {
			isa = PBXVariantGroup;
			children = (
				F6B68459205F43930058595B /* Base */,
			);
			name = Main.storyboard;
			sourceTree = "<group>";
		};
		F6B6845D205F43930058595B /* LaunchScreen.storyboard */ = {
			isa = PBXVariantGroup;
			children = (
				F6B6845E205F43930058595B /* Base */,
			);
			name = LaunchScreen.storyboard;
			sourceTree = "<group>";
		};
/* End PBXVariantGroup section */

/* Begin XCBuildConfiguration section */
		F6B6846C205F43930058595B /* Debug */ = {
			isa = XCBuildConfiguration;
			buildSettings = {
				ALWAYS_SEARCH_USER_PATHS = NO;
				CLANG_ANALYZER_NONNULL = YES;
				CLANG_ANALYZER_NUMBER_OBJECT_CONVERSION = YES_AGGRESSIVE;
				CLANG_CXX_LANGUAGE_STANDARD = "gnu++14";
				CLANG_CXX_LIBRARY = "libc++";
				CLANG_ENABLE_MODULES = YES;
				CLANG_ENABLE_OBJC_ARC = YES;
				CLANG_WARN_BLOCK_CAPTURE_AUTORELEASING = YES;
				CLANG_WARN_BOOL_CONVERSION = YES;
				CLANG_WARN_COMMA = YES;
				CLANG_WARN_CONSTANT_CONVERSION = YES;
				CLANG_WARN_DEPRECATED_OBJC_IMPLEMENTATIONS = YES;
				CLANG_WARN_DIRECT_OBJC_ISA_USAGE = YES_ERROR;
				CLANG_WARN_DOCUMENTATION_COMMENTS = YES;
				CLANG_WARN_EMPTY_BODY = YES;
				CLANG_WARN_ENUM_CONVERSION = YES;
				CLANG_WARN_INFINITE_RECURSION = YES;
				CLANG_WARN_INT_CONVERSION = YES;
				CLANG_WARN_NON_LITERAL_NULL_CONVERSION = YES;
				CLANG_WARN_OBJC_IMPLICIT_RETAIN_SELF = YES;
				CLANG_WARN_OBJC_LITERAL_CONVERSION = YES;
				CLANG_WARN_OBJC_ROOT_CLASS = YES_ERROR;
				CLANG_WARN_RANGE_LOOP_ANALYSIS = YES;
				CLANG_WARN_STRICT_PROTOTYPES = YES;
				CLANG_WARN_SUSPICIOUS_MOVE = YES;
				CLANG_WARN_UNGUARDED_AVAILABILITY = YES_AGGRESSIVE;
				CLANG_WARN_UNREACHABLE_CODE = YES;
				CLANG_WARN__DUPLICATE_METHOD_MATCH = YES;
				CODE_SIGN_IDENTITY = "iPhone Developer";
				COPY_PHASE_STRIP = NO;
				DEBUG_INFORMATION_FORMAT = dwarf;
				ENABLE_STRICT_OBJC_MSGSEND = YES;
				ENABLE_TESTABILITY = YES;
				GCC_C_LANGUAGE_STANDARD = gnu11;
				GCC_DYNAMIC_NO_PIC = NO;
				GCC_NO_COMMON_BLOCKS = YES;
				GCC_OPTIMIZATION_LEVEL = 0;
				GCC_PREPROCESSOR_DEFINITIONS = (
					"DEBUG=1",
					"$(inherited)",
				);
				GCC_WARN_64_TO_32_BIT_CONVERSION = YES;
				GCC_WARN_ABOUT_RETURN_TYPE = YES_ERROR;
				GCC_WARN_UNDECLARED_SELECTOR = YES;
				GCC_WARN_UNINITIALIZED_AUTOS = YES_AGGRESSIVE;
				GCC_WARN_UNUSED_FUNCTION = YES;
				GCC_WARN_UNUSED_VARIABLE = YES;
				IPHONEOS_DEPLOYMENT_TARGET = 11.2;
				MTL_ENABLE_DEBUG_INFO = YES;
				ONLY_ACTIVE_ARCH = YES;
				SDKROOT = iphoneos;
				SWIFT_ACTIVE_COMPILATION_CONDITIONS = DEBUG;
				SWIFT_OPTIMIZATION_LEVEL = "-Onone";
			};
			name = Debug;
		};
		F6B6846D205F43930058595B /* Release */ = {
			isa = XCBuildConfiguration;
			buildSettings = {
				ALWAYS_SEARCH_USER_PATHS = NO;
				CLANG_ANALYZER_NONNULL = YES;
				CLANG_ANALYZER_NUMBER_OBJECT_CONVERSION = YES_AGGRESSIVE;
				CLANG_CXX_LANGUAGE_STANDARD = "gnu++14";
				CLANG_CXX_LIBRARY = "libc++";
				CLANG_ENABLE_MODULES = YES;
				CLANG_ENABLE_OBJC_ARC = YES;
				CLANG_WARN_BLOCK_CAPTURE_AUTORELEASING = YES;
				CLANG_WARN_BOOL_CONVERSION = YES;
				CLANG_WARN_COMMA = YES;
				CLANG_WARN_CONSTANT_CONVERSION = YES;
				CLANG_WARN_DEPRECATED_OBJC_IMPLEMENTATIONS = YES;
				CLANG_WARN_DIRECT_OBJC_ISA_USAGE = YES_ERROR;
				CLANG_WARN_DOCUMENTATION_COMMENTS = YES;
				CLANG_WARN_EMPTY_BODY = YES;
				CLANG_WARN_ENUM_CONVERSION = YES;
				CLANG_WARN_INFINITE_RECURSION = YES;
				CLANG_WARN_INT_CONVERSION = YES;
				CLANG_WARN_NON_LITERAL_NULL_CONVERSION = YES;
				CLANG_WARN_OBJC_IMPLICIT_RETAIN_SELF = YES;
				CLANG_WARN_OBJC_LITERAL_CONVERSION = YES;
				CLANG_WARN_OBJC_ROOT_CLASS = YES_ERROR;
				CLANG_WARN_RANGE_LOOP_ANALYSIS = YES;
				CLANG_WARN_STRICT_PROTOTYPES = YES;
				CLANG_WARN_SUSPICIOUS_MOVE = YES;
				CLANG_WARN_UNGUARDED_AVAILABILITY = YES_AGGRESSIVE;
				CLANG_WARN_UNREACHABLE_CODE = YES;
				CLANG_WARN__DUPLICATE_METHOD_MATCH = YES;
				CODE_SIGN_IDENTITY = "iPhone Developer";
				COPY_PHASE_STRIP = NO;
				DEBUG_INFORMATION_FORMAT = "dwarf-with-dsym";
				ENABLE_NS_ASSERTIONS = NO;
				ENABLE_STRICT_OBJC_MSGSEND = YES;
				GCC_C_LANGUAGE_STANDARD = gnu11;
				GCC_NO_COMMON_BLOCKS = YES;
				GCC_WARN_64_TO_32_BIT_CONVERSION = YES;
				GCC_WARN_ABOUT_RETURN_TYPE = YES_ERROR;
				GCC_WARN_UNDECLARED_SELECTOR = YES;
				GCC_WARN_UNINITIALIZED_AUTOS = YES_AGGRESSIVE;
				GCC_WARN_UNUSED_FUNCTION = YES;
				GCC_WARN_UNUSED_VARIABLE = YES;
				IPHONEOS_DEPLOYMENT_TARGET = 11.2;
				MTL_ENABLE_DEBUG_INFO = NO;
				SDKROOT = iphoneos;
				SWIFT_OPTIMIZATION_LEVEL = "-Owholemodule";
				VALIDATE_PRODUCT = YES;
			};
			name = Release;
		};
		F6B6846F205F43930058595B /* Debug */ = {
			isa = XCBuildConfiguration;
			buildSettings = {
				ASSETCATALOG_COMPILER_APPICON_NAME = AppIcon;
				CODE_SIGN_STYLE = Automatic;
				DEVELOPMENT_TEAM = ZT7E887Q9H;
				INFOPLIST_FILE = clock_slider_view/Info.plist;
				LD_RUNPATH_SEARCH_PATHS = "$(inherited) @executable_path/Frameworks";
				PRODUCT_BUNDLE_IDENTIFIER = "CST.clock-slider-view";
				PRODUCT_NAME = "$(TARGET_NAME)";
				SWIFT_VERSION = 5.0;
				TARGETED_DEVICE_FAMILY = "1,2";
			};
			name = Debug;
		};
		F6B68470205F43930058595B /* Release */ = {
			isa = XCBuildConfiguration;
			buildSettings = {
				ASSETCATALOG_COMPILER_APPICON_NAME = AppIcon;
				CODE_SIGN_STYLE = Automatic;
				DEVELOPMENT_TEAM = ZT7E887Q9H;
				INFOPLIST_FILE = clock_slider_view/Info.plist;
				LD_RUNPATH_SEARCH_PATHS = "$(inherited) @executable_path/Frameworks";
				PRODUCT_BUNDLE_IDENTIFIER = "CST.clock-slider-view";
				PRODUCT_NAME = "$(TARGET_NAME)";
				SWIFT_VERSION = 5.0;
				TARGETED_DEVICE_FAMILY = "1,2";
			};
			name = Release;
		};
		F6B68472205F43930058595B /* Debug */ = {
			isa = XCBuildConfiguration;
			buildSettings = {
				ALWAYS_EMBED_SWIFT_STANDARD_LIBRARIES = YES;
				BUNDLE_LOADER = "$(TEST_HOST)";
				CODE_SIGN_STYLE = Automatic;
				DEVELOPMENT_TEAM = ZT7E887Q9H;
				INFOPLIST_FILE = clock_slider_viewTests/Info.plist;
				LD_RUNPATH_SEARCH_PATHS = "$(inherited) @executable_path/Frameworks @loader_path/Frameworks";
				PRODUCT_BUNDLE_IDENTIFIER = "CST.clock-slider-viewTests";
				PRODUCT_NAME = "$(TARGET_NAME)";
				SWIFT_VERSION = 5.0;
				TARGETED_DEVICE_FAMILY = "1,2";
				TEST_HOST = "$(BUILT_PRODUCTS_DIR)/clock_slider_view.app/clock_slider_view";
			};
			name = Debug;
		};
		F6B68473205F43930058595B /* Release */ = {
			isa = XCBuildConfiguration;
			buildSettings = {
				ALWAYS_EMBED_SWIFT_STANDARD_LIBRARIES = YES;
				BUNDLE_LOADER = "$(TEST_HOST)";
				CODE_SIGN_STYLE = Automatic;
				DEVELOPMENT_TEAM = ZT7E887Q9H;
				INFOPLIST_FILE = clock_slider_viewTests/Info.plist;
				LD_RUNPATH_SEARCH_PATHS = "$(inherited) @executable_path/Frameworks @loader_path/Frameworks";
				PRODUCT_BUNDLE_IDENTIFIER = "CST.clock-slider-viewTests";
				PRODUCT_NAME = "$(TARGET_NAME)";
				SWIFT_VERSION = 5.0;
				TARGETED_DEVICE_FAMILY = "1,2";
				TEST_HOST = "$(BUILT_PRODUCTS_DIR)/clock_slider_view.app/clock_slider_view";
			};
			name = Release;
		};
/* End XCBuildConfiguration section */

/* Begin XCConfigurationList section */
		F6B6844C205F43930058595B /* Build configuration list for PBXProject "clock_slider_view" */ = {
			isa = XCConfigurationList;
			buildConfigurations = (
				F6B6846C205F43930058595B /* Debug */,
				F6B6846D205F43930058595B /* Release */,
			);
			defaultConfigurationIsVisible = 0;
			defaultConfigurationName = Release;
		};
		F6B6846E205F43930058595B /* Build configuration list for PBXNativeTarget "clock_slider_view" */ = {
			isa = XCConfigurationList;
			buildConfigurations = (
				F6B6846F205F43930058595B /* Debug */,
				F6B68470205F43930058595B /* Release */,
			);
			defaultConfigurationIsVisible = 0;
			defaultConfigurationName = Release;
		};
		F6B68471205F43930058595B /* Build configuration list for PBXNativeTarget "clock_slider_viewTests" */ = {
			isa = XCConfigurationList;
			buildConfigurations = (
				F6B68472205F43930058595B /* Debug */,
				F6B68473205F43930058595B /* Release */,
			);
			defaultConfigurationIsVisible = 0;
			defaultConfigurationName = Release;
		};
/* End XCConfigurationList section */
	};
	rootObject = F6B68449205F43930058595B /* Project object */;
}
